
Microsoft Visual Studio Solution File, Format Version 11.00
# Visual Studio 2010
Project("{FAE04EC0-301F-11D3-BF4B-00C04F79EFBC}") = "Marr.Data", "Marr.Data\Marr.Data.csproj", "{F6FC6BE7-0847-4817-A1ED-223DC647C3D7}"
EndProject
Project("{FAE04EC0-301F-11D3-BF4B-00C04F79EFBC}") = "Marr.Data.Tests", "Marr.Data.Tests\Marr.Data.Tests.csproj", "{164FE31B-D0E2-4BE9-8738-58127D7E0FB0}"
EndProject
Project("{54435603-DBB4-11D2-8724-00A0C9A8B90C}") = "Marr.Data.Installer", "Marr.Data.Installer\Marr.Data.Installer.vdproj", "{6EE77146-6D5F-46DD-B719-9B486986A7AF}"
EndProject
Global
	GlobalSection(TeamFoundationVersionControl) = preSolution
		SccNumberOfProjects = 4
		SccEnterpriseProvider = {4CA58AB2-18FA-4F8D-95D4-32DDF27D184C}
		SccTeamFoundationServer = https://tfs.codeplex.com/tfs/tfs26
		SccLocalPath0 = .
		SccProjectUniqueName1 = Marr.Data.Installer\\Marr.Data.Installer.vdproj
		SccProjectName1 = Marr.Data.Installer
		SccLocalPath1 = Marr.Data.Installer
		SccProjectUniqueName2 = Marr.Data.Tests\\Marr.Data.Tests.csproj
		SccProjectName2 = Marr.Data.Tests
		SccLocalPath2 = Marr.Data.Tests
		SccProjectUniqueName3 = Marr.Data\\Marr.Data.csproj
		SccProjectName3 = Marr.Data
		SccLocalPath3 = Marr.Data
	EndGlobalSection
	GlobalSection(SolutionConfigurationPlatforms) = preSolution
		Debug|Any CPU = Debug|Any CPU
		Release|Any CPU = Release|Any CPU
	EndGlobalSection
	GlobalSection(ProjectConfigurationPlatforms) = postSolution
		{F6FC6BE7-0847-4817-A1ED-223DC647C3D7}.Debug|Any CPU.ActiveCfg = Debug|Any CPU
		{F6FC6BE7-0847-4817-A1ED-223DC647C3D7}.Debug|Any CPU.Build.0 = Debug|Any CPU
		{F6FC6BE7-0847-4817-A1ED-223DC647C3D7}.Release|Any CPU.ActiveCfg = Release|Any CPU
		{F6FC6BE7-0847-4817-A1ED-223DC647C3D7}.Release|Any CPU.Build.0 = Release|Any CPU
		{164FE31B-D0E2-4BE9-8738-58127D7E0FB0}.Debug|Any CPU.ActiveCfg = Debug|Any CPU
		{164FE31B-D0E2-4BE9-8738-58127D7E0FB0}.Debug|Any CPU.Build.0 = Debug|Any CPU
		{164FE31B-D0E2-4BE9-8738-58127D7E0FB0}.Release|Any CPU.ActiveCfg = Release|Any CPU
		{164FE31B-D0E2-4BE9-8738-58127D7E0FB0}.Release|Any CPU.Build.0 = Release|Any CPU
		{6EE77146-6D5F-46DD-B719-9B486986A7AF}.Debug|Any CPU.ActiveCfg = Debug
		{6EE77146-6D5F-46DD-B719-9B486986A7AF}.Release|Any CPU.ActiveCfg = Release
	EndGlobalSection
	GlobalSection(SolutionProperties) = preSolution
		HideSolutionNode = FALSE
	EndGlobalSection
EndGlobal
